
Microsoft Visual Studio Solution File, Format Version 12.00
# Visual Studio 2013
VisualStudioVersion = 12.0.30723.0
MinimumVisualStudioVersion = 10.0.40219.1
Project("{FAE04EC0-301F-11D3-BF4B-00C04F79EFBC}") = "GameApplication", "GameApplication\GameApplication.csproj", "{8DAA5ABB-7DF7-4FA9-BA02-7FFC5D8C934F}"
EndProject
Project("{FAE04EC0-301F-11D3-BF4B-00C04F79EFBC}") = "BEPUphysics", "BEPU\BEPUphysics\BEPUphysics.csproj", "{C0D52C9F-14B8-4008-8DDC-109C27561A5C}"
EndProject
Project("{FAE04EC0-301F-11D3-BF4B-00C04F79EFBC}") = "BEPUutilities", "BEPU\BEPUutilities\BEPUutilities.csproj", "{34853DEA-43A6-4F2F-A379-D1EE04D256D2}"
EndProject
Project("{2150E333-8FDC-42A3-9474-1A3956D46DE8}") = "BEPU", "BEPU", "{D5C5DADA-8A89-4FDC-98E4-8BB0C3E50FCA}"
EndProject
Project("{FAE04EC0-301F-11D3-BF4B-00C04F79EFBC}") = "EngineCore", "EngineCore\EngineCore.csproj", "{C29C63AB-7CFB-4EAA-BE26-9F225FB9E007}"
EndProject
Project("{2150E333-8FDC-42A3-9474-1A3956D46DE8}") = ".nuget", ".nuget", "{743CD2F5-32A5-4561-975A-80BEB61376F5}"
	ProjectSection(SolutionItems) = preProject
		.nuget\packages.config = .nuget\packages.config
	EndProjectSection
EndProject
Global
	GlobalSection(SolutionConfigurationPlatforms) = preSolution
		Debug|Any CPU = Debug|Any CPU
		Debug|x86 = Debug|x86
		Release|Any CPU = Release|Any CPU
		Release|x86 = Release|x86
	EndGlobalSection
	GlobalSection(ProjectConfigurationPlatforms) = postSolution
		{8DAA5ABB-7DF7-4FA9-BA02-7FFC5D8C934F}.Debug|Any CPU.ActiveCfg = Debug|x86
		{8DAA5ABB-7DF7-4FA9-BA02-7FFC5D8C934F}.Debug|x86.ActiveCfg = Debug|x86
		{8DAA5ABB-7DF7-4FA9-BA02-7FFC5D8C934F}.Debug|x86.Build.0 = Debug|x86
		{8DAA5ABB-7DF7-4FA9-BA02-7FFC5D8C934F}.Release|Any CPU.ActiveCfg = Debug|x86
		{8DAA5ABB-7DF7-4FA9-BA02-7FFC5D8C934F}.Release|x86.ActiveCfg = Debug|x86
		{8DAA5ABB-7DF7-4FA9-BA02-7FFC5D8C934F}.Release|x86.Build.0 = Debug|x86
		{C0D52C9F-14B8-4008-8DDC-109C27561A5C}.Debug|Any CPU.ActiveCfg = Debug|Any CPU
		{C0D52C9F-14B8-4008-8DDC-109C27561A5C}.Debug|Any CPU.Build.0 = Debug|Any CPU
		{C0D52C9F-14B8-4008-8DDC-109C27561A5C}.Debug|x86.ActiveCfg = Debug|Any CPU
		{C0D52C9F-14B8-4008-8DDC-109C27561A5C}.Release|Any CPU.ActiveCfg = Debug|Any CPU
		{C0D52C9F-14B8-4008-8DDC-109C27561A5C}.Release|Any CPU.Build.0 = Debug|Any CPU
		{C0D52C9F-14B8-4008-8DDC-109C27561A5C}.Release|x86.ActiveCfg = Debug|Any CPU
		{34853DEA-43A6-4F2F-A379-D1EE04D256D2}.Debug|Any CPU.ActiveCfg = Debug|Any CPU
		{34853DEA-43A6-4F2F-A379-D1EE04D256D2}.Debug|Any CPU.Build.0 = Debug|Any CPU
		{34853DEA-43A6-4F2F-A379-D1EE04D256D2}.Debug|x86.ActiveCfg = Debug|Any CPU
		{34853DEA-43A6-4F2F-A379-D1EE04D256D2}.Release|Any CPU.ActiveCfg = Debug|Any CPU
		{34853DEA-43A6-4F2F-A379-D1EE04D256D2}.Release|Any CPU.Build.0 = Debug|Any CPU
		{34853DEA-43A6-4F2F-A379-D1EE04D256D2}.Release|x86.ActiveCfg = Debug|Any CPU
		{C29C63AB-7CFB-4EAA-BE26-9F225FB9E007}.Debug|Any CPU.ActiveCfg = Debug|Any CPU
		{C29C63AB-7CFB-4EAA-BE26-9F225FB9E007}.Debug|Any CPU.Build.0 = Debug|Any CPU
		{C29C63AB-7CFB-4EAA-BE26-9F225FB9E007}.Debug|x86.ActiveCfg = Debug|Any CPU
		{C29C63AB-7CFB-4EAA-BE26-9F225FB9E007}.Release|Any CPU.ActiveCfg = Debug|Any CPU
		{C29C63AB-7CFB-4EAA-BE26-9F225FB9E007}.Release|Any CPU.Build.0 = Debug|Any CPU
		{C29C63AB-7CFB-4EAA-BE26-9F225FB9E007}.Release|x86.ActiveCfg = Debug|Any CPU
	EndGlobalSection
	GlobalSection(SolutionProperties) = preSolution
		HideSolutionNode = FALSE
	EndGlobalSection
	GlobalSection(NestedProjects) = preSolution
		{C0D52C9F-14B8-4008-8DDC-109C27561A5C} = {D5C5DADA-8A89-4FDC-98E4-8BB0C3E50FCA}
		{34853DEA-43A6-4F2F-A379-D1EE04D256D2} = {D5C5DADA-8A89-4FDC-98E4-8BB0C3E50FCA}
	EndGlobalSection
EndGlobal
